// !$*UTF8*$!
{
	archiveVersion = 1;
	classes = {
	};
	objectVersion = 46;
	objects = {

/* Begin PBXBuildFile section */
		A9DDF3D3CE685C1FFDD3691D /* libPods-PushNotifications Example.a in Frameworks */ = {isa = PBXBuildFile; fileRef = 39DB0E58299DF23E05193CEC /* libPods-PushNotifications Example.a */; };
		DF1486931D308B8B00B1FC50 /* libstdc++.tbd in Frameworks */ = {isa = PBXBuildFile; fileRef = DF1486921D308B8B00B1FC50 /* libstdc++.tbd */; };
		DF35D4ED1D306D5C00AEDACA /* main.m in Sources */ = {isa = PBXBuildFile; fileRef = DF35D4EC1D306D5C00AEDACA /* main.m */; };
		DF35D4F01D306D5C00AEDACA /* AppDelegate.m in Sources */ = {isa = PBXBuildFile; fileRef = DF35D4EF1D306D5C00AEDACA /* AppDelegate.m */; };
		DF35D4F31D306D5C00AEDACA /* Home.m in Sources */ = {isa = PBXBuildFile; fileRef = DF35D4F21D306D5C00AEDACA /* Home.m */; };
		DF35D4F61D306D5C00AEDACA /* Main.storyboard in Resources */ = {isa = PBXBuildFile; fileRef = DF35D4F41D306D5C00AEDACA /* Main.storyboard */; };
		DF35D4F91D306D5C00AEDACA /* PushNotifications_Example.xcdatamodeld in Sources */ = {isa = PBXBuildFile; fileRef = DF35D4F71D306D5C00AEDACA /* PushNotifications_Example.xcdatamodeld */; };
		DF35D4FB1D306D5C00AEDACA /* Assets.xcassets in Resources */ = {isa = PBXBuildFile; fileRef = DF35D4FA1D306D5C00AEDACA /* Assets.xcassets */; };
		DF35D4FE1D306D5C00AEDACA /* LaunchScreen.storyboard in Resources */ = {isa = PBXBuildFile; fileRef = DF35D4FC1D306D5C00AEDACA /* LaunchScreen.storyboard */; };
		DF35D5081D30740200AEDACA /* Podfile in Resources */ = {isa = PBXBuildFile; fileRef = DF35D5071D30740200AEDACA /* Podfile */; };
		DFF4288F1D30783A003424B9 /* libz.tbd in Frameworks */ = {isa = PBXBuildFile; fileRef = DFF4288E1D30783A003424B9 /* libz.tbd */; };
/* End PBXBuildFile section */

/* Begin PBXFileReference section */
		1089C9C362C8F853AE517F8D /* Pods-PushNotifications Example.debug.xcconfig */ = {isa = PBXFileReference; includeInIndex = 1; lastKnownFileType = text.xcconfig; name = "Pods-PushNotifications Example.debug.xcconfig"; path = "Pods/Target Support Files/Pods-PushNotifications Example/Pods-PushNotifications Example.debug.xcconfig"; sourceTree = "<group>"; };
		39DB0E58299DF23E05193CEC /* libPods-PushNotifications Example.a */ = {isa = PBXFileReference; explicitFileType = archive.ar; includeInIndex = 0; path = "libPods-PushNotifications Example.a"; sourceTree = BUILT_PRODUCTS_DIR; };
		559024EBDE8FA228AEDAE672 /* Pods-PushNotifications Example.release.xcconfig */ = {isa = PBXFileReference; includeInIndex = 1; lastKnownFileType = text.xcconfig; name = "Pods-PushNotifications Example.release.xcconfig"; path = "Pods/Target Support Files/Pods-PushNotifications Example/Pods-PushNotifications Example.release.xcconfig"; sourceTree = "<group>"; };
		DF1486921D308B8B00B1FC50 /* libstdc++.tbd */ = {isa = PBXFileReference; lastKnownFileType = "sourcecode.text-based-dylib-definition"; name = "libstdc++.tbd"; path = "usr/lib/libstdc++.tbd"; sourceTree = SDKROOT; };
		DF35D4E81D306D5C00AEDACA /* PushNotifications Example.app */ = {isa = PBXFileReference; explicitFileType = wrapper.application; includeInIndex = 0; path = "PushNotifications Example.app"; sourceTree = BUILT_PRODUCTS_DIR; };
		DF35D4EC1D306D5C00AEDACA /* main.m */ = {isa = PBXFileReference; lastKnownFileType = sourcecode.c.objc; path = main.m; sourceTree = "<group>"; };
		DF35D4EE1D306D5C00AEDACA /* AppDelegate.h */ = {isa = PBXFileReference; lastKnownFileType = sourcecode.c.h; path = AppDelegate.h; sourceTree = "<group>"; };
		DF35D4EF1D306D5C00AEDACA /* AppDelegate.m */ = {isa = PBXFileReference; lastKnownFileType = sourcecode.c.objc; path = AppDelegate.m; sourceTree = "<group>"; };
		DF35D4F11D306D5C00AEDACA /* Home.h */ = {isa = PBXFileReference; lastKnownFileType = sourcecode.c.h; path = Home.h; sourceTree = "<group>"; };
		DF35D4F21D306D5C00AEDACA /* Home.m */ = {isa = PBXFileReference; lastKnownFileType = sourcecode.c.objc; path = Home.m; sourceTree = "<group>"; };
		DF35D4F51D306D5C00AEDACA /* Base */ = {isa = PBXFileReference; lastKnownFileType = file.storyboard; name = Base; path = Base.lproj/Main.storyboard; sourceTree = "<group>"; };
		DF35D4F81D306D5C00AEDACA /* PushNotifications_Example.xcdatamodel */ = {isa = PBXFileReference; lastKnownFileType = wrapper.xcdatamodel; path = PushNotifications_Example.xcdatamodel; sourceTree = "<group>"; };
		DF35D4FA1D306D5C00AEDACA /* Assets.xcassets */ = {isa = PBXFileReference; lastKnownFileType = folder.assetcatalog; path = Assets.xcassets; sourceTree = "<group>"; };
		DF35D4FD1D306D5C00AEDACA /* Base */ = {isa = PBXFileReference; lastKnownFileType = file.storyboard; name = Base; path = Base.lproj/LaunchScreen.storyboard; sourceTree = "<group>"; };
		DF35D4FF1D306D5C00AEDACA /* Info.plist */ = {isa = PBXFileReference; lastKnownFileType = text.plist.xml; path = Info.plist; sourceTree = "<group>"; };
		DF35D5071D30740200AEDACA /* Podfile */ = {isa = PBXFileReference; fileEncoding = 4; lastKnownFileType = text; path = Podfile; sourceTree = "<group>"; };
		DFF4288E1D30783A003424B9 /* libz.tbd */ = {isa = PBXFileReference; lastKnownFileType = "sourcecode.text-based-dylib-definition"; name = libz.tbd; path = usr/lib/libz.tbd; sourceTree = SDKROOT; };
/* End PBXFileReference section */

/* Begin PBXFrameworksBuildPhase section */
		DF35D4E51D306D5C00AEDACA /* Frameworks */ = {
			isa = PBXFrameworksBuildPhase;
			buildActionMask = 2147483647;
			files = (
				DF1486931D308B8B00B1FC50 /* libstdc++.tbd in Frameworks */,
				DFF4288F1D30783A003424B9 /* libz.tbd in Frameworks */,
				A9DDF3D3CE685C1FFDD3691D /* libPods-PushNotifications Example.a in Frameworks */,
			);
			runOnlyForDeploymentPostprocessing = 0;
		};
/* End PBXFrameworksBuildPhase section */

/* Begin PBXGroup section */
		3291712CB7D6EE76B510BE20 /* Frameworks */ = {
			isa = PBXGroup;
			children = (
				DF1486921D308B8B00B1FC50 /* libstdc++.tbd */,
				DFF4288E1D30783A003424B9 /* libz.tbd */,
				39DB0E58299DF23E05193CEC /* libPods-PushNotifications Example.a */,
			);
			name = Frameworks;
			sourceTree = "<group>";
		};
		7023C0E5A09203EF212682B8 /* Pods */ = {
			isa = PBXGroup;
			children = (
				1089C9C362C8F853AE517F8D /* Pods-PushNotifications Example.debug.xcconfig */,
				559024EBDE8FA228AEDAE672 /* Pods-PushNotifications Example.release.xcconfig */,
			);
			name = Pods;
			sourceTree = "<group>";
		};
		DF35D4DF1D306D5C00AEDACA = {
			isa = PBXGroup;
			children = (
				DF35D4EA1D306D5C00AEDACA /* PushNotifications Example */,
				DF35D4E91D306D5C00AEDACA /* Products */,
				7023C0E5A09203EF212682B8 /* Pods */,
				3291712CB7D6EE76B510BE20 /* Frameworks */,
			);
			sourceTree = "<group>";
		};
		DF35D4E91D306D5C00AEDACA /* Products */ = {
			isa = PBXGroup;
			children = (
				DF35D4E81D306D5C00AEDACA /* PushNotifications Example.app */,
			);
			name = Products;
			sourceTree = "<group>";
		};
		DF35D4EA1D306D5C00AEDACA /* PushNotifications Example */ = {
			isa = PBXGroup;
			children = (
				DF35D5071D30740200AEDACA /* Podfile */,
				DF35D5061D306D7D00AEDACA /* Main */,
				DF35D5051D306D7600AEDACA /* Controllers */,
				DF35D4F41D306D5C00AEDACA /* Main.storyboard */,
				DF35D4FA1D306D5C00AEDACA /* Assets.xcassets */,
				DF35D4FC1D306D5C00AEDACA /* LaunchScreen.storyboard */,
				DF35D4FF1D306D5C00AEDACA /* Info.plist */,
				DF35D4F71D306D5C00AEDACA /* PushNotifications_Example.xcdatamodeld */,
				DF35D4EB1D306D5C00AEDACA /* Supporting Files */,
			);
			path = "PushNotifications Example";
			sourceTree = "<group>";
		};
		DF35D4EB1D306D5C00AEDACA /* Supporting Files */ = {
			isa = PBXGroup;
			children = (
				DF35D4EC1D306D5C00AEDACA /* main.m */,
			);
			name = "Supporting Files";
			sourceTree = "<group>";
		};
		DF35D5051D306D7600AEDACA /* Controllers */ = {
			isa = PBXGroup;
			children = (
				DF35D4F11D306D5C00AEDACA /* Home.h */,
				DF35D4F21D306D5C00AEDACA /* Home.m */,
			);
			name = Controllers;
			sourceTree = "<group>";
		};
		DF35D5061D306D7D00AEDACA /* Main */ = {
			isa = PBXGroup;
			children = (
				DF35D4EE1D306D5C00AEDACA /* AppDelegate.h */,
				DF35D4EF1D306D5C00AEDACA /* AppDelegate.m */,
			);
			name = Main;
			sourceTree = "<group>";
		};
/* End PBXGroup section */

/* Begin PBXNativeTarget section */
		DF35D4E71D306D5C00AEDACA /* PushNotifications Example */ = {
			isa = PBXNativeTarget;
			buildConfigurationList = DF35D5021D306D5C00AEDACA /* Build configuration list for PBXNativeTarget "PushNotifications Example" */;
			buildPhases = (
				C15169037CE1EAB7EBB3413B /* [CP] Check Pods Manifest.lock */,
				DF35D4E41D306D5C00AEDACA /* Sources */,
				DF35D4E51D306D5C00AEDACA /* Frameworks */,
				DF35D4E61D306D5C00AEDACA /* Resources */,
				1576C16C8FAE715FEDC236B0 /* [CP] Embed Pods Frameworks */,
				19075233136B5BC1B11E8BB8 /* [CP] Copy Pods Resources */,
			);
			buildRules = (
			);
			dependencies = (
			);
			name = "PushNotifications Example";
			productName = "PushNotifications Example";
			productReference = DF35D4E81D306D5C00AEDACA /* PushNotifications Example.app */;
			productType = "com.apple.product-type.application";
		};
/* End PBXNativeTarget section */

/* Begin PBXProject section */
		DF35D4E01D306D5C00AEDACA /* Project object */ = {
			isa = PBXProject;
			attributes = {
				LastUpgradeCheck = 0720;
				ORGANIZATIONNAME = "Ivan Hernandez";
				TargetAttributes = {
					DF35D4E71D306D5C00AEDACA = {
						CreatedOnToolsVersion = 7.2.1;
						DevelopmentTeam = 6QJ4RTAFBW;
					};
				};
			};
			buildConfigurationList = DF35D4E31D306D5C00AEDACA /* Build configuration list for PBXProject "PushNotifications Example" */;
			compatibilityVersion = "Xcode 3.2";
			developmentRegion = English;
			hasScannedForEncodings = 0;
			knownRegions = (
				en,
				Base,
			);
			mainGroup = DF35D4DF1D306D5C00AEDACA;
			productRefGroup = DF35D4E91D306D5C00AEDACA /* Products */;
			projectDirPath = "";
			projectRoot = "";
			targets = (
				DF35D4E71D306D5C00AEDACA /* PushNotifications Example */,
			);
		};
/* End PBXProject section */

/* Begin PBXResourcesBuildPhase section */
		DF35D4E61D306D5C00AEDACA /* Resources */ = {
			isa = PBXResourcesBuildPhase;
			buildActionMask = 2147483647;
			files = (
				DF35D4FE1D306D5C00AEDACA /* LaunchScreen.storyboard in Resources */,
				DF35D4FB1D306D5C00AEDACA /* Assets.xcassets in Resources */,
				DF35D5081D30740200AEDACA /* Podfile in Resources */,
				DF35D4F61D306D5C00AEDACA /* Main.storyboard in Resources */,
			);
			runOnlyForDeploymentPostprocessing = 0;
		};
/* End PBXResourcesBuildPhase section */

/* Begin PBXShellScriptBuildPhase section */
		1576C16C8FAE715FEDC236B0 /* [CP] Embed Pods Frameworks */ = {
			isa = PBXShellScriptBuildPhase;
			buildActionMask = 2147483647;
			files = (
			);
			inputPaths = (
			);
			name = "[CP] Embed Pods Frameworks";
			outputPaths = (
			);
			runOnlyForDeploymentPostprocessing = 0;
			shellPath = /bin/sh;
			shellScript = "\"${SRCROOT}/Pods/Target Support Files/Pods-PushNotifications Example/Pods-PushNotifications Example-frameworks.sh\"\n";
			showEnvVarsInLog = 0;
		};
		19075233136B5BC1B11E8BB8 /* [CP] Copy Pods Resources */ = {
			isa = PBXShellScriptBuildPhase;
			buildActionMask = 2147483647;
			files = (
			);
			inputPaths = (
			);
			name = "[CP] Copy Pods Resources";
			outputPaths = (
			);
			runOnlyForDeploymentPostprocessing = 0;
			shellPath = /bin/sh;
			shellScript = "\"${SRCROOT}/Pods/Target Support Files/Pods-PushNotifications Example/Pods-PushNotifications Example-resources.sh\"\n";
			showEnvVarsInLog = 0;
		};
		C15169037CE1EAB7EBB3413B /* [CP] Check Pods Manifest.lock */ = {
			isa = PBXShellScriptBuildPhase;
			buildActionMask = 2147483647;
			files = (
			);
			inputPaths = (
			);
			name = "[CP] Check Pods Manifest.lock";
			outputPaths = (
			);
			runOnlyForDeploymentPostprocessing = 0;
			shellPath = /bin/sh;
			shellScript = "diff \"${PODS_ROOT}/../Podfile.lock\" \"${PODS_ROOT}/Manifest.lock\" > /dev/null\nif [[ $? != 0 ]] ; then\n    cat << EOM\nerror: The sandbox is not in sync with the Podfile.lock. Run 'pod install' or update your CocoaPods installation.\nEOM\n    exit 1\nfi\n";
			showEnvVarsInLog = 0;
		};
/* End PBXShellScriptBuildPhase section */

/* Begin PBXSourcesBuildPhase section */
		DF35D4E41D306D5C00AEDACA /* Sources */ = {
			isa = PBXSourcesBuildPhase;
			buildActionMask = 2147483647;
			files = (
				DF35D4F31D306D5C00AEDACA /* Home.m in Sources */,
				DF35D4F01D306D5C00AEDACA /* AppDelegate.m in Sources */,
				DF35D4ED1D306D5C00AEDACA /* main.m in Sources */,
				DF35D4F91D306D5C00AEDACA /* PushNotifications_Example.xcdatamodeld in Sources */,
			);
			runOnlyForDeploymentPostprocessing = 0;
		};
/* End PBXSourcesBuildPhase section */

/* Begin PBXVariantGroup section */
		DF35D4F41D306D5C00AEDACA /* Main.storyboard */ = {
			isa = PBXVariantGroup;
			children = (
				DF35D4F51D306D5C00AEDACA /* Base */,
			);
			name = Main.storyboard;
			sourceTree = "<group>";
		};
		DF35D4FC1D306D5C00AEDACA /* LaunchScreen.storyboard */ = {
			isa = PBXVariantGroup;
			children = (
				DF35D4FD1D306D5C00AEDACA /* Base */,
			);
			name = LaunchScreen.storyboard;
			sourceTree = "<group>";
		};
/* End PBXVariantGroup section */

/* Begin XCBuildConfiguration section */
		DF35D5001D306D5C00AEDACA /* Debug */ = {
			isa = XCBuildConfiguration;
			buildSettings = {
				ALWAYS_SEARCH_USER_PATHS = NO;
				CLANG_CXX_LANGUAGE_STANDARD = "gnu++0x";
				CLANG_CXX_LIBRARY = "libc++";
				CLANG_ENABLE_MODULES = YES;
				CLANG_ENABLE_OBJC_ARC = YES;
				CLANG_WARN_BOOL_CONVERSION = YES;
				CLANG_WARN_CONSTANT_CONVERSION = YES;
				CLANG_WARN_DIRECT_OBJC_ISA_USAGE = YES_ERROR;
				CLANG_WARN_EMPTY_BODY = YES;
				CLANG_WARN_ENUM_CONVERSION = YES;
				CLANG_WARN_INT_CONVERSION = YES;
				CLANG_WARN_OBJC_ROOT_CLASS = YES_ERROR;
				CLANG_WARN_UNREACHABLE_CODE = YES;
				CLANG_WARN__DUPLICATE_METHOD_MATCH = YES;
				"CODE_SIGN_IDENTITY[sdk=iphoneos*]" = "iPhone Developer";
				COPY_PHASE_STRIP = NO;
				DEBUG_INFORMATION_FORMAT = dwarf;
				ENABLE_STRICT_OBJC_MSGSEND = YES;
				ENABLE_TESTABILITY = YES;
				GCC_C_LANGUAGE_STANDARD = gnu99;
				GCC_DYNAMIC_NO_PIC = NO;
				GCC_NO_COMMON_BLOCKS = YES;
				GCC_OPTIMIZATION_LEVEL = 0;
				GCC_PREPROCESSOR_DEFINITIONS = (
					"DEBUG=1",
					"$(inherited)",
				);
				GCC_WARN_64_TO_32_BIT_CONVERSION = YES;
				GCC_WARN_ABOUT_RETURN_TYPE = YES_ERROR;
				GCC_WARN_UNDECLARED_SELECTOR = YES;
				GCC_WARN_UNINITIALIZED_AUTOS = YES_AGGRESSIVE;
				GCC_WARN_UNUSED_FUNCTION = YES;
				GCC_WARN_UNUSED_VARIABLE = YES;
				IPHONEOS_DEPLOYMENT_TARGET = 9.2;
				MTL_ENABLE_DEBUG_INFO = YES;
				ONLY_ACTIVE_ARCH = YES;
				SDKROOT = iphoneos;
			};
			name = Debug;
		};
		DF35D5011D306D5C00AEDACA /* Release */ = {
			isa = XCBuildConfiguration;
			buildSettings = {
				ALWAYS_SEARCH_USER_PATHS = NO;
				CLANG_CXX_LANGUAGE_STANDARD = "gnu++0x";
				CLANG_CXX_LIBRARY = "libc++";
				CLANG_ENABLE_MODULES = YES;
				CLANG_ENABLE_OBJC_ARC = YES;
				CLANG_WARN_BOOL_CONVERSION = YES;
				CLANG_WARN_CONSTANT_CONVERSION = YES;
				CLANG_WARN_DIRECT_OBJC_ISA_USAGE = YES_ERROR;
				CLANG_WARN_EMPTY_BODY = YES;
				CLANG_WARN_ENUM_CONVERSION = YES;
				CLANG_WARN_INT_CONVERSION = YES;
				CLANG_WARN_OBJC_ROOT_CLASS = YES_ERROR;
				CLANG_WARN_UNREACHABLE_CODE = YES;
				CLANG_WARN__DUPLICATE_METHOD_MATCH = YES;
				"CODE_SIGN_IDENTITY[sdk=iphoneos*]" = "iPhone Developer";
				COPY_PHASE_STRIP = NO;
				DEBUG_INFORMATION_FORMAT = "dwarf-with-dsym";
				ENABLE_NS_ASSERTIONS = NO;
				ENABLE_STRICT_OBJC_MSGSEND = YES;
				GCC_C_LANGUAGE_STANDARD = gnu99;
				GCC_NO_COMMON_BLOCKS = YES;
				GCC_WARN_64_TO_32_BIT_CONVERSION = YES;
				GCC_WARN_ABOUT_RETURN_TYPE = YES_ERROR;
				GCC_WARN_UNDECLARED_SELECTOR = YES;
				GCC_WARN_UNINITIALIZED_AUTOS = YES_AGGRESSIVE;
				GCC_WARN_UNUSED_FUNCTION = YES;
				GCC_WARN_UNUSED_VARIABLE = YES;
				IPHONEOS_DEPLOYMENT_TARGET = 9.2;
				MTL_ENABLE_DEBUG_INFO = NO;
				SDKROOT = iphoneos;
				VALIDATE_PRODUCT = YES;
			};
			name = Release;
		};
		DF35D5031D306D5C00AEDACA /* Debug */ = {
			isa = XCBuildConfiguration;
			baseConfigurationReference = 1089C9C362C8F853AE517F8D /* Pods-PushNotifications Example.debug.xcconfig */;
			buildSettings = {
				ASSETCATALOG_COMPILER_APPICON_NAME = AppIcon;
				CODE_SIGN_IDENTITY = "iPhone Developer: Ivan Hernandez (5C84J8MT2V)";
				INFOPLIST_FILE = "PushNotifications Example/Info.plist";
				LD_RUNPATH_SEARCH_PATHS = "$(inherited) @executable_path/Frameworks";
				PRODUCT_BUNDLE_IDENTIFIER = "com.ivan4j.PushNotifications-Example";
				PRODUCT_NAME = "$(TARGET_NAME)";
				PROVISIONING_PROFILE = "dbeb0f67-7001-421d-b042-6b93027362e3";
			};
			name = Debug;
		};
		DF35D5041D306D5C00AEDACA /* Release */ = {
			isa = XCBuildConfiguration;
			baseConfigurationReference = 559024EBDE8FA228AEDAE672 /* Pods-PushNotifications Example.release.xcconfig */;
			buildSettings = {
				ASSETCATALOG_COMPILER_APPICON_NAME = AppIcon;
				CODE_SIGN_IDENTITY = "iPhone Developer: Ivan Hernandez (5C84J8MT2V)";
				"CODE_SIGN_IDENTITY[sdk=iphoneos*]" = "iPhone Developer";
				INFOPLIST_FILE = "PushNotifications Example/Info.plist";
				LD_RUNPATH_SEARCH_PATHS = "$(inherited) @executable_path/Frameworks";
				PRODUCT_BUNDLE_IDENTIFIER = "com.ivan4j.PushNotifications-Example";
				PRODUCT_NAME = "$(TARGET_NAME)";
				PROVISIONING_PROFILE = "dbeb0f67-7001-421d-b042-6b93027362e3";
			};
			name = Release;
		};
/* End XCBuildConfiguration section */

/* Begin XCConfigurationList section */
		DF35D4E31D306D5C00AEDACA /* Build configuration list for PBXProject "PushNotifications Example" */ = {
			isa = XCConfigurationList;
			buildConfigurations = (
				DF35D5001D306D5C00AEDACA /* Debug */,
				DF35D5011D306D5C00AEDACA /* Release */,
			);
			defaultConfigurationIsVisible = 0;
			defaultConfigurationName = Release;
		};
		DF35D5021D306D5C00AEDACA /* Build configuration list for PBXNativeTarget "PushNotifications Example" */ = {
			isa = XCConfigurationList;
			buildConfigurations = (
				DF35D5031D306D5C00AEDACA /* Debug */,
				DF35D5041D306D5C00AEDACA /* Release */,
			);
			defaultConfigurationIsVisible = 0;
			defaultConfigurationName = Release;
		};
/* End XCConfigurationList section */

/* Begin XCVersionGroup section */
		DF35D4F71D306D5C00AEDACA /* PushNotifications_Example.xcdatamodeld */ = {
			isa = XCVersionGroup;
			children = (
				DF35D4F81D306D5C00AEDACA /* PushNotifications_Example.xcdatamodel */,
			);
			currentVersion = DF35D4F81D306D5C00AEDACA /* PushNotifications_Example.xcdatamodel */;
			path = PushNotifications_Example.xcdatamodeld;
			sourceTree = "<group>";
			versionGroupType = wrapper.xcdatamodel;
		};
/* End XCVersionGroup section */
	};
	rootObject = DF35D4E01D306D5C00AEDACA /* Project object */;
}
